schema: '2.0'
stages:
  stage_name:
    cmd: python src/stage_01_get_data.py --config=configs/config.yaml
    deps:
    - path: configs/config.yaml
      md5: ae217277762d6eb2cd4f5b769e29f278
      size: 661
    - path: src/stage_01_get_data.py
      md5: 00e185c54463108bf59778b9c8076f0c
      size: 1567
    - path: src/utils/common.py
      md5: d162961d817182441383bdb0e674e685
      size: 675
    outs:
    - path: data/data.xml
      md5: a304afb96060aad90176268345e10355
      size: 37891850
  get_data:
    cmd: python src/stage_01_get_data.py --config=configs/config.yaml
    deps:
    - path: configs/config.yaml
      md5: 336c853f1e685315b37c31e97683dcfb
      size: 681
    - path: src/stage_01_get_data.py
      md5: 00e185c54463108bf59778b9c8076f0c
      size: 1567
    - path: src/utils/common.py
      md5: c0cf3c406d6b143abe34fa881dd907cf
      size: 983
    outs:
    - path: data/data.xml
      md5: a304afb96060aad90176268345e10355
      size: 37891850
  prepare_data:
    cmd: python src/stage_02_prepare.py --config=configs/config.yaml --params=params.yaml
    deps:
    - path: configs/config.yaml
      md5: 336c853f1e685315b37c31e97683dcfb
      size: 681
    - path: data/data.xml
      md5: a304afb96060aad90176268345e10355
      size: 37891850
    - path: src/stage_02_prepare.py
      md5: f1c1443445e21c76c1031ba0d0b7acc6
      size: 2156
    - path: src/utils/common.py
      md5: c0cf3c406d6b143abe34fa881dd907cf
      size: 983
    - path: src/utils/data_mngmt.py
      md5: 657c2600db4602d47ba23326bd5cf09e
      size: 858
    params:
      params.yaml:
        prepare.seed: 2022
        prepare.split: 0.3
    outs:
    - path: artifacts/prepared/test.tsv
      md5: 044268ef7ce24243d9a89956f2dcd102
      size: 7211580
    - path: artifacts/prepared/train.tsv
      md5: 4f20b84b7b8680c234888fe91cca8b1f
      size: 16674739
  featurize:
    cmd: python src/stage_03_featurization.py --config=configs/config.yaml --params=params.yaml
    deps:
    - path: artifacts/prepared/test.tsv
      md5: 044268ef7ce24243d9a89956f2dcd102
      size: 7211580
    - path: artifacts/prepared/train.tsv
      md5: 4f20b84b7b8680c234888fe91cca8b1f
      size: 16674739
    - path: configs/config.yaml
      md5: 336c853f1e685315b37c31e97683dcfb
      size: 681
    - path: src/stage_03_featurization.py
      md5: 4f3afae2a20bf3b6fccb355e86521388
      size: 2985
    - path: src/utils/common.py
      md5: c0cf3c406d6b143abe34fa881dd907cf
      size: 983
    - path: src/utils/featurize.py
      md5: 7e70f0056d673b524d94c88b436a052b
      size: 512
    params:
      params.yaml:
        featurize.max_features: 3000
        featurize.ngrams: 2
    outs:
    - path: artifacts/features/test.pkl
      md5: 640aebce56b5fa54e1339b5fece130a5
      size: 3846052
    - path: artifacts/features/train.pkl
      md5: d5903be7bb243df0d1672ee31e468485
      size: 8870692
  train:
    cmd: python src/stage_04_train.py --config=configs/config.yaml --params=params.yaml
    deps:
    - path: artifacts/features/train.pkl
      md5: d5903be7bb243df0d1672ee31e468485
      size: 8870692
    - path: configs/config.yaml
      md5: 336c853f1e685315b37c31e97683dcfb
      size: 681
    - path: src/stage_04_train.py
      md5: a1e8711e3cec6b22c20d6f4998c1373c
      size: 2290
    - path: src/utils/common.py
      md5: c0cf3c406d6b143abe34fa881dd907cf
      size: 983
    params:
      params.yaml:
        train.min_split: 16
        train.n_est: 100
        train.seed: 2022
    outs:
    - path: artifacts/model/model.pkl
      md5: 6bc675c3ea496f35422b08878649f34c
      size: 3104249
  evaluate:
    cmd: python src/stage_05_evaluate.py --config=configs/config.yaml
    deps:
    - path: artifacts/features/test.pkl
      md5: 640aebce56b5fa54e1339b5fece130a5
      size: 3846052
    - path: artifacts/model/model.pkl
      md5: 6bc675c3ea496f35422b08878649f34c
      size: 3104249
    - path: configs/config.yaml
      md5: 336c853f1e685315b37c31e97683dcfb
      size: 681
    - path: src/stage_05_evaluate.py
      md5: 93ed9cdd8f3790514bc330adaa2084df
      size: 2768
    - path: src/utils/common.py
      md5: c0cf3c406d6b143abe34fa881dd907cf
      size: 983
    outs:
    - path: prc.json
      md5: 129c331fa6d3eaf5a86ffa8d1db3c372
      size: 141049
    - path: roc.json
      md5: 0d44b426040a5ea0f21f5dd5bb035ec9
      size: 135916
    - path: scores.json
      md5: 6251b60a283bc51ba77597ea890015c5
      size: 76
